
Microsoft Visual Studio Solution File, Format Version 12.00
# Visual Studio 15
VisualStudioVersion = 15.0.28307.852
MinimumVisualStudioVersion = 10.0.40219.1
Project("{FAE04EC0-301F-11D3-BF4B-00C04F79EFBC}") = "FanoutPublisher", "FanoutPublisher\FanoutPublisher.csproj", "{4CAEBE3A-45D4-4613-BF77-34029751C16D}"
EndProject
Global
	GlobalSection(SolutionConfigurationPlatforms) = preSolution
		Debug|Any CPU = Debug|Any CPU
		Release|Any CPU = Release|Any CPU
	EndGlobalSection
	GlobalSection(ProjectConfigurationPlatforms) = postSolution
		{4CAEBE3A-45D4-4613-BF77-34029751C16D}.Debug|Any CPU.ActiveCfg = Debug|Any CPU
		{4CAEBE3A-45D4-4613-BF77-34029751C16D}.Debug|Any CPU.Build.0 = Debug|Any CPU
		{4CAEBE3A-45D4-4613-BF77-34029751C16D}.Release|Any CPU.ActiveCfg = Release|Any CPU
		{4CAEBE3A-45D4-4613-BF77-34029751C16D}.Release|Any CPU.Build.0 = Release|Any CPU
	EndGlobalSection
	GlobalSection(SolutionProperties) = preSolution
		HideSolutionNode = FALSE
	EndGlobalSection
	GlobalSection(ExtensibilityGlobals) = postSolution
		SolutionGuid = {3751FDD4-3A60-489C-A2D2-E408C42DA6A8}
	EndGlobalSection
EndGlobal
