
Microsoft Visual Studio Solution File, Format Version 12.00
# Visual Studio 15
VisualStudioVersion = 15.0.28307.852
MinimumVisualStudioVersion = 10.0.40219.1
Project("{FAE04EC0-301F-11D3-BF4B-00C04F79EFBC}") = "DirectPublisher", "DirectPublisher\DirectPublisher.csproj", "{8C4CA1AD-D1DD-4A6D-91E8-6AF7E3815197}"
EndProject
Global
	GlobalSection(SolutionConfigurationPlatforms) = preSolution
		Debug|Any CPU = Debug|Any CPU
		Release|Any CPU = Release|Any CPU
	EndGlobalSection
	GlobalSection(ProjectConfigurationPlatforms) = postSolution
		{8C4CA1AD-D1DD-4A6D-91E8-6AF7E3815197}.Debug|Any CPU.ActiveCfg = Debug|Any CPU
		{8C4CA1AD-D1DD-4A6D-91E8-6AF7E3815197}.Debug|Any CPU.Build.0 = Debug|Any CPU
		{8C4CA1AD-D1DD-4A6D-91E8-6AF7E3815197}.Release|Any CPU.ActiveCfg = Release|Any CPU
		{8C4CA1AD-D1DD-4A6D-91E8-6AF7E3815197}.Release|Any CPU.Build.0 = Release|Any CPU
	EndGlobalSection
	GlobalSection(SolutionProperties) = preSolution
		HideSolutionNode = FALSE
	EndGlobalSection
	GlobalSection(ExtensibilityGlobals) = postSolution
		SolutionGuid = {DD55A275-708C-40FD-BEF1-370D7F802F09}
	EndGlobalSection
EndGlobal
