
Microsoft Visual Studio Solution File, Format Version 12.00
# Visual Studio 15
VisualStudioVersion = 15.0.28307.852
MinimumVisualStudioVersion = 10.0.40219.1
Project("{FAE04EC0-301F-11D3-BF4B-00C04F79EFBC}") = "FanoutExchange", "FanoutExchange\FanoutExchange.csproj", "{04740A17-F9DD-4826-8FF8-91A942B43893}"
EndProject
Global
	GlobalSection(SolutionConfigurationPlatforms) = preSolution
		Debug|Any CPU = Debug|Any CPU
		Release|Any CPU = Release|Any CPU
	EndGlobalSection
	GlobalSection(ProjectConfigurationPlatforms) = postSolution
		{04740A17-F9DD-4826-8FF8-91A942B43893}.Debug|Any CPU.ActiveCfg = Debug|Any CPU
		{04740A17-F9DD-4826-8FF8-91A942B43893}.Debug|Any CPU.Build.0 = Debug|Any CPU
		{04740A17-F9DD-4826-8FF8-91A942B43893}.Release|Any CPU.ActiveCfg = Release|Any CPU
		{04740A17-F9DD-4826-8FF8-91A942B43893}.Release|Any CPU.Build.0 = Release|Any CPU
	EndGlobalSection
	GlobalSection(SolutionProperties) = preSolution
		HideSolutionNode = FALSE
	EndGlobalSection
	GlobalSection(ExtensibilityGlobals) = postSolution
		SolutionGuid = {82B0BF80-8037-4A2A-BD3A-E67EE4050CA6}
	EndGlobalSection
EndGlobal
